
Microsoft Visual Studio Solution File, Format Version 12.00
# Visual Studio 15
VisualStudioVersion = 15.0.28307.168
MinimumVisualStudioVersion = 10.0.40219.1
Project("{FAE04EC0-301F-11D3-BF4B-00C04F79EFBC}") = "Mastermind Clone", "Mastermind Clone\Mastermind Clone.csproj", "{EEF08E24-535A-49EA-A756-F6C6820DAD75}"
EndProject
Global
	GlobalSection(SolutionConfigurationPlatforms) = preSolution
		Debug|Any CPU = Debug|Any CPU
		Release|Any CPU = Release|Any CPU
	EndGlobalSection
	GlobalSection(ProjectConfigurationPlatforms) = postSolution
		{EEF08E24-535A-49EA-A756-F6C6820DAD75}.Debug|Any CPU.ActiveCfg = Debug|Any CPU
		{EEF08E24-535A-49EA-A756-F6C6820DAD75}.Debug|Any CPU.Build.0 = Debug|Any CPU
		{EEF08E24-535A-49EA-A756-F6C6820DAD75}.Release|Any CPU.ActiveCfg = Release|Any CPU
		{EEF08E24-535A-49EA-A756-F6C6820DAD75}.Release|Any CPU.Build.0 = Release|Any CPU
	EndGlobalSection
	GlobalSection(SolutionProperties) = preSolution
		HideSolutionNode = FALSE
	EndGlobalSection
	GlobalSection(ExtensibilityGlobals) = postSolution
		SolutionGuid = {6DF586AB-00F0-453E-9901-04AED9789499}
	EndGlobalSection
EndGlobal
